// !$*UTF8*$!
{
	archiveVersion = 1;
	classes = {
	};
	objectVersion = 55;
	objects = {

/* Begin PBXBuildFile section */
		CF854D9527A425BE00AA989A /* AppDelegate.swift in Sources */ = {isa = PBXBuildFile; fileRef = CF854D9427A425BE00AA989A /* AppDelegate.swift */; };
		CF854D9727A425BE00AA989A /* SceneDelegate.swift in Sources */ = {isa = PBXBuildFile; fileRef = CF854D9627A425BE00AA989A /* SceneDelegate.swift */; };
		CF854D9927A425BE00AA989A /* ViewController.swift in Sources */ = {isa = PBXBuildFile; fileRef = CF854D9827A425BE00AA989A /* ViewController.swift */; };
		CF854D9C27A425BE00AA989A /* Main.storyboard in Resources */ = {isa = PBXBuildFile; fileRef = CF854D9A27A425BE00AA989A /* Main.storyboard */; };
		CF854D9E27A425BF00AA989A /* Assets.xcassets in Resources */ = {isa = PBXBuildFile; fileRef = CF854D9D27A425BF00AA989A /* Assets.xcassets */; };
		CF854DA127A425BF00AA989A /* LaunchScreen.storyboard in Resources */ = {isa = PBXBuildFile; fileRef = CF854D9F27A425BF00AA989A /* LaunchScreen.storyboard */; };
		CF854DAC27A425BF00AA989A /* LEDBoardTests.swift in Sources */ = {isa = PBXBuildFile; fileRef = CF854DAB27A425BF00AA989A /* LEDBoardTests.swift */; };
		CF854DB627A425BF00AA989A /* LEDBoardUITests.swift in Sources */ = {isa = PBXBuildFile; fileRef = CF854DB527A425BF00AA989A /* LEDBoardUITests.swift */; };
		CF854DB827A425BF00AA989A /* LEDBoardUITestsLaunchTests.swift in Sources */ = {isa = PBXBuildFile; fileRef = CF854DB727A425BF00AA989A /* LEDBoardUITestsLaunchTests.swift */; };
		CF854DC527A42C5700AA989A /* SettingViewController.swift in Sources */ = {isa = PBXBuildFile; fileRef = CF854DC427A42C5700AA989A /* SettingViewController.swift */; };
/* End PBXBuildFile section */

/* Begin PBXContainerItemProxy section */
		CF854DA827A425BF00AA989A /* PBXContainerItemProxy */ = {
			isa = PBXContainerItemProxy;
			containerPortal = CF854D8927A425BE00AA989A /* Project object */;
			proxyType = 1;
			remoteGlobalIDString = CF854D9027A425BE00AA989A;
			remoteInfo = LEDBoard;
		};
		CF854DB227A425BF00AA989A /* PBXContainerItemProxy */ = {
			isa = PBXContainerItemProxy;
			containerPortal = CF854D8927A425BE00AA989A /* Project object */;
			proxyType = 1;
			remoteGlobalIDString = CF854D9027A425BE00AA989A;
			remoteInfo = LEDBoard;
		};
/* End PBXContainerItemProxy section */

/* Begin PBXFileReference section */
		CF854D9127A425BE00AA989A /* LEDBoard.app */ = {isa = PBXFileReference; explicitFileType = wrapper.application; includeInIndex = 0; path = LEDBoard.app; sourceTree = BUILT_PRODUCTS_DIR; };
		CF854D9427A425BE00AA989A /* AppDelegate.swift */ = {isa = PBXFileReference; lastKnownFileType = sourcecode.swift; path = AppDelegate.swift; sourceTree = "<group>"; };
		CF854D9627A425BE00AA989A /* SceneDelegate.swift */ = {isa = PBXFileReference; lastKnownFileType = sourcecode.swift; path = SceneDelegate.swift; sourceTree = "<group>"; };
		CF854D9827A425BE00AA989A /* ViewController.swift */ = {isa = PBXFileReference; lastKnownFileType = sourcecode.swift; path = ViewController.swift; sourceTree = "<group>"; };
		CF854D9B27A425BE00AA989A /* Base */ = {isa = PBXFileReference; lastKnownFileType = file.storyboard; name = Base; path = Base.lproj/Main.storyboard; sourceTree = "<group>"; };
		CF854D9D27A425BF00AA989A /* Assets.xcassets */ = {isa = PBXFileReference; lastKnownFileType = folder.assetcatalog; path = Assets.xcassets; sourceTree = "<group>"; };
		CF854DA027A425BF00AA989A /* Base */ = {isa = PBXFileReference; lastKnownFileType = file.storyboard; name = Base; path = Base.lproj/LaunchScreen.storyboard; sourceTree = "<group>"; };
		CF854DA227A425BF00AA989A /* Info.plist */ = {isa = PBXFileReference; lastKnownFileType = text.plist.xml; path = Info.plist; sourceTree = "<group>"; };
		CF854DA727A425BF00AA989A /* LEDBoardTests.xctest */ = {isa = PBXFileReference; explicitFileType = wrapper.cfbundle; includeInIndex = 0; path = LEDBoardTests.xctest; sourceTree = BUILT_PRODUCTS_DIR; };
		CF854DAB27A425BF00AA989A /* LEDBoardTests.swift */ = {isa = PBXFileReference; lastKnownFileType = sourcecode.swift; path = LEDBoardTests.swift; sourceTree = "<group>"; };
		CF854DB127A425BF00AA989A /* LEDBoardUITests.xctest */ = {isa = PBXFileReference; explicitFileType = wrapper.cfbundle; includeInIndex = 0; path = LEDBoardUITests.xctest; sourceTree = BUILT_PRODUCTS_DIR; };
		CF854DB527A425BF00AA989A /* LEDBoardUITests.swift */ = {isa = PBXFileReference; lastKnownFileType = sourcecode.swift; path = LEDBoardUITests.swift; sourceTree = "<group>"; };
		CF854DB727A425BF00AA989A /* LEDBoardUITestsLaunchTests.swift */ = {isa = PBXFileReference; lastKnownFileType = sourcecode.swift; path = LEDBoardUITestsLaunchTests.swift; sourceTree = "<group>"; };
		CF854DC427A42C5700AA989A /* SettingViewController.swift */ = {isa = PBXFileReference; lastKnownFileType = sourcecode.swift; path = SettingViewController.swift; sourceTree = "<group>"; };
/* End PBXFileReference section */

/* Begin PBXFrameworksBuildPhase section */
		CF854D8E27A425BE00AA989A /* Frameworks */ = {
			isa = PBXFrameworksBuildPhase;
			buildActionMask = 2147483647;
			files = (
			);
			runOnlyForDeploymentPostprocessing = 0;
		};
		CF854DA427A425BF00AA989A /* Frameworks */ = {
			isa = PBXFrameworksBuildPhase;
			buildActionMask = 2147483647;
			files = (
			);
			runOnlyForDeploymentPostprocessing = 0;
		};
		CF854DAE27A425BF00AA989A /* Frameworks */ = {
			isa = PBXFrameworksBuildPhase;
			buildActionMask = 2147483647;
			files = (
			);
			runOnlyForDeploymentPostprocessing = 0;
		};
/* End PBXFrameworksBuildPhase section */

/* Begin PBXGroup section */
		CF854D8827A425BE00AA989A = {
			isa = PBXGroup;
			children = (
				CF854D9327A425BE00AA989A /* LEDBoard */,
				CF854DAA27A425BF00AA989A /* LEDBoardTests */,
				CF854DB427A425BF00AA989A /* LEDBoardUITests */,
				CF854D9227A425BE00AA989A /* Products */,
			);
			sourceTree = "<group>";
		};
		CF854D9227A425BE00AA989A /* Products */ = {
			isa = PBXGroup;
			children = (
				CF854D9127A425BE00AA989A /* LEDBoard.app */,
				CF854DA727A425BF00AA989A /* LEDBoardTests.xctest */,
				CF854DB127A425BF00AA989A /* LEDBoardUITests.xctest */,
			);
			name = Products;
			sourceTree = "<group>";
		};
		CF854D9327A425BE00AA989A /* LEDBoard */ = {
			isa = PBXGroup;
			children = (
				CF854D9427A425BE00AA989A /* AppDelegate.swift */,
				CF854D9627A425BE00AA989A /* SceneDelegate.swift */,
				CF854D9827A425BE00AA989A /* ViewController.swift */,
				CF854DC427A42C5700AA989A /* SettingViewController.swift */,
				CF854D9A27A425BE00AA989A /* Main.storyboard */,
				CF854D9D27A425BF00AA989A /* Assets.xcassets */,
				CF854D9F27A425BF00AA989A /* LaunchScreen.storyboard */,
				CF854DA227A425BF00AA989A /* Info.plist */,
			);
			path = LEDBoard;
			sourceTree = "<group>";
		};
		CF854DAA27A425BF00AA989A /* LEDBoardTests */ = {
			isa = PBXGroup;
			children = (
				CF854DAB27A425BF00AA989A /* LEDBoardTests.swift */,
			);
			path = LEDBoardTests;
			sourceTree = "<group>";
		};
		CF854DB427A425BF00AA989A /* LEDBoardUITests */ = {
			isa = PBXGroup;
			children = (
				CF854DB527A425BF00AA989A /* LEDBoardUITests.swift */,
				CF854DB727A425BF00AA989A /* LEDBoardUITestsLaunchTests.swift */,
			);
			path = LEDBoardUITests;
			sourceTree = "<group>";
		};
/* End PBXGroup section */

/* Begin PBXNativeTarget section */
		CF854D9027A425BE00AA989A /* LEDBoard */ = {
			isa = PBXNativeTarget;
			buildConfigurationList = CF854DBB27A425BF00AA989A /* Build configuration list for PBXNativeTarget "LEDBoard" */;
			buildPhases = (
				CF854D8D27A425BE00AA989A /* Sources */,
				CF854D8E27A425BE00AA989A /* Frameworks */,
				CF854D8F27A425BE00AA989A /* Resources */,
			);
			buildRules = (
			);
			dependencies = (
			);
			name = LEDBoard;
			productName = LEDBoard;
			productReference = CF854D9127A425BE00AA989A /* LEDBoard.app */;
			productType = "com.apple.product-type.application";
		};
		CF854DA627A425BF00AA989A /* LEDBoardTests */ = {
			isa = PBXNativeTarget;
			buildConfigurationList = CF854DBE27A425BF00AA989A /* Build configuration list for PBXNativeTarget "LEDBoardTests" */;
			buildPhases = (
				CF854DA327A425BF00AA989A /* Sources */,
				CF854DA427A425BF00AA989A /* Frameworks */,
				CF854DA527A425BF00AA989A /* Resources */,
			);
			buildRules = (
			);
			dependencies = (
				CF854DA927A425BF00AA989A /* PBXTargetDependency */,
			);
			name = LEDBoardTests;
			productName = LEDBoardTests;
			productReference = CF854DA727A425BF00AA989A /* LEDBoardTests.xctest */;
			productType = "com.apple.product-type.bundle.unit-test";
		};
		CF854DB027A425BF00AA989A /* LEDBoardUITests */ = {
			isa = PBXNativeTarget;
			buildConfigurationList = CF854DC127A425BF00AA989A /* Build configuration list for PBXNativeTarget "LEDBoardUITests" */;
			buildPhases = (
				CF854DAD27A425BF00AA989A /* Sources */,
				CF854DAE27A425BF00AA989A /* Frameworks */,
				CF854DAF27A425BF00AA989A /* Resources */,
			);
			buildRules = (
			);
			dependencies = (
				CF854DB327A425BF00AA989A /* PBXTargetDependency */,
			);
			name = LEDBoardUITests;
			productName = LEDBoardUITests;
			productReference = CF854DB127A425BF00AA989A /* LEDBoardUITests.xctest */;
			productType = "com.apple.product-type.bundle.ui-testing";
		};
/* End PBXNativeTarget section */

/* Begin PBXProject section */
		CF854D8927A425BE00AA989A /* Project object */ = {
			isa = PBXProject;
			attributes = {
				BuildIndependentTargetsInParallel = 1;
				LastSwiftUpdateCheck = 1320;
				LastUpgradeCheck = 1320;
				TargetAttributes = {
					CF854D9027A425BE00AA989A = {
						CreatedOnToolsVersion = 13.2;
					};
					CF854DA627A425BF00AA989A = {
						CreatedOnToolsVersion = 13.2;
						TestTargetID = CF854D9027A425BE00AA989A;
					};
					CF854DB027A425BF00AA989A = {
						CreatedOnToolsVersion = 13.2;
						TestTargetID = CF854D9027A425BE00AA989A;
					};
				};
			};
			buildConfigurationList = CF854D8C27A425BE00AA989A /* Build configuration list for PBXProject "LEDBoard" */;
			compatibilityVersion = "Xcode 13.0";
			developmentRegion = en;
			hasScannedForEncodings = 0;
			knownRegions = (
				en,
				Base,
			);
			mainGroup = CF854D8827A425BE00AA989A;
			productRefGroup = CF854D9227A425BE00AA989A /* Products */;
			projectDirPath = "";
			projectRoot = "";
			targets = (
				CF854D9027A425BE00AA989A /* LEDBoard */,
				CF854DA627A425BF00AA989A /* LEDBoardTests */,
				CF854DB027A425BF00AA989A /* LEDBoardUITests */,
			);
		};
/* End PBXProject section */

/* Begin PBXResourcesBuildPhase section */
		CF854D8F27A425BE00AA989A /* Resources */ = {
			isa = PBXResourcesBuildPhase;
			buildActionMask = 2147483647;
			files = (
				CF854DA127A425BF00AA989A /* LaunchScreen.storyboard in Resources */,
				CF854D9E27A425BF00AA989A /* Assets.xcassets in Resources */,
				CF854D9C27A425BE00AA989A /* Main.storyboard in Resources */,
			);
			runOnlyForDeploymentPostprocessing = 0;
		};
		CF854DA527A425BF00AA989A /* Resources */ = {
			isa = PBXResourcesBuildPhase;
			buildActionMask = 2147483647;
			files = (
			);
			runOnlyForDeploymentPostprocessing = 0;
		};
		CF854DAF27A425BF00AA989A /* Resources */ = {
			isa = PBXResourcesBuildPhase;
			buildActionMask = 2147483647;
			files = (
			);
			runOnlyForDeploymentPostprocessing = 0;
		};
/* End PBXResourcesBuildPhase section */

/* Begin PBXSourcesBuildPhase section */
		CF854D8D27A425BE00AA989A /* Sources */ = {
			isa = PBXSourcesBuildPhase;
			buildActionMask = 2147483647;
			files = (
				CF854D9927A425BE00AA989A /* ViewController.swift in Sources */,
				CF854D9527A425BE00AA989A /* AppDelegate.swift in Sources */,
				CF854D9727A425BE00AA989A /* SceneDelegate.swift in Sources */,
				CF854DC527A42C5700AA989A /* SettingViewController.swift in Sources */,
			);
			runOnlyForDeploymentPostprocessing = 0;
		};
		CF854DA327A425BF00AA989A /* Sources */ = {
			isa = PBXSourcesBuildPhase;
			buildActionMask = 2147483647;
			files = (
				CF854DAC27A425BF00AA989A /* LEDBoardTests.swift in Sources */,
			);
			runOnlyForDeploymentPostprocessing = 0;
		};
		CF854DAD27A425BF00AA989A /* Sources */ = {
			isa = PBXSourcesBuildPhase;
			buildActionMask = 2147483647;
			files = (
				CF854DB827A425BF00AA989A /* LEDBoardUITestsLaunchTests.swift in Sources */,
				CF854DB627A425BF00AA989A /* LEDBoardUITests.swift in Sources */,
			);
			runOnlyForDeploymentPostprocessing = 0;
		};
/* End PBXSourcesBuildPhase section */

/* Begin PBXTargetDependency section */
		CF854DA927A425BF00AA989A /* PBXTargetDependency */ = {
			isa = PBXTargetDependency;
			target = CF854D9027A425BE00AA989A /* LEDBoard */;
			targetProxy = CF854DA827A425BF00AA989A /* PBXContainerItemProxy */;
		};
		CF854DB327A425BF00AA989A /* PBXTargetDependency */ = {
			isa = PBXTargetDependency;
			target = CF854D9027A425BE00AA989A /* LEDBoard */;
			targetProxy = CF854DB227A425BF00AA989A /* PBXContainerItemProxy */;
		};
/* End PBXTargetDependency section */

/* Begin PBXVariantGroup section */
		CF854D9A27A425BE00AA989A /* Main.storyboard */ = {
			isa = PBXVariantGroup;
			children = (
				CF854D9B27A425BE00AA989A /* Base */,
			);
			name = Main.storyboard;
			sourceTree = "<group>";
		};
		CF854D9F27A425BF00AA989A /* LaunchScreen.storyboard */ = {
			isa = PBXVariantGroup;
			children = (
				CF854DA027A425BF00AA989A /* Base */,
			);
			name = LaunchScreen.storyboard;
			sourceTree = "<group>";
		};
/* End PBXVariantGroup section */

/* Begin XCBuildConfiguration section */
		CF854DB927A425BF00AA989A /* Debug */ = {
			isa = XCBuildConfiguration;
			buildSettings = {
				ALWAYS_SEARCH_USER_PATHS = NO;
				CLANG_ANALYZER_NONNULL = YES;
				CLANG_ANALYZER_NUMBER_OBJECT_CONVERSION = YES_AGGRESSIVE;
				CLANG_CXX_LANGUAGE_STANDARD = "gnu++17";
				CLANG_CXX_LIBRARY = "libc++";
				CLANG_ENABLE_MODULES = YES;
				CLANG_ENABLE_OBJC_ARC = YES;
				CLANG_ENABLE_OBJC_WEAK = YES;
				CLANG_WARN_BLOCK_CAPTURE_AUTORELEASING = YES;
				CLANG_WARN_BOOL_CONVERSION = YES;
				CLANG_WARN_COMMA = YES;
				CLANG_WARN_CONSTANT_CONVERSION = YES;
				CLANG_WARN_DEPRECATED_OBJC_IMPLEMENTATIONS = YES;
				CLANG_WARN_DIRECT_OBJC_ISA_USAGE = YES_ERROR;
				CLANG_WARN_DOCUMENTATION_COMMENTS = YES;
				CLANG_WARN_EMPTY_BODY = YES;
				CLANG_WARN_ENUM_CONVERSION = YES;
				CLANG_WARN_INFINITE_RECURSION = YES;
				CLANG_WARN_INT_CONVERSION = YES;
				CLANG_WARN_NON_LITERAL_NULL_CONVERSION = YES;
				CLANG_WARN_OBJC_IMPLICIT_RETAIN_SELF = YES;
				CLANG_WARN_OBJC_LITERAL_CONVERSION = YES;
				CLANG_WARN_OBJC_ROOT_CLASS = YES_ERROR;
				CLANG_WARN_QUOTED_INCLUDE_IN_FRAMEWORK_HEADER = YES;
				CLANG_WARN_RANGE_LOOP_ANALYSIS = YES;
				CLANG_WARN_STRICT_PROTOTYPES = YES;
				CLANG_WARN_SUSPICIOUS_MOVE = YES;
				CLANG_WARN_UNGUARDED_AVAILABILITY = YES_AGGRESSIVE;
				CLANG_WARN_UNREACHABLE_CODE = YES;
				CLANG_WARN__DUPLICATE_METHOD_MATCH = YES;
				COPY_PHASE_STRIP = NO;
				DEBUG_INFORMATION_FORMAT = dwarf;
				ENABLE_STRICT_OBJC_MSGSEND = YES;
				ENABLE_TESTABILITY = YES;
				GCC_C_LANGUAGE_STANDARD = gnu11;
				GCC_DYNAMIC_NO_PIC = NO;
				GCC_NO_COMMON_BLOCKS = YES;
				GCC_OPTIMIZATION_LEVEL = 0;
				GCC_PREPROCESSOR_DEFINITIONS = (
					"DEBUG=1",
					"$(inherited)",
				);
				GCC_WARN_64_TO_32_BIT_CONVERSION = YES;
				GCC_WARN_ABOUT_RETURN_TYPE = YES_ERROR;
				GCC_WARN_UNDECLARED_SELECTOR = YES;
				GCC_WARN_UNINITIALIZED_AUTOS = YES_AGGRESSIVE;
				GCC_WARN_UNUSED_FUNCTION = YES;
				GCC_WARN_UNUSED_VARIABLE = YES;
				IPHONEOS_DEPLOYMENT_TARGET = 14.0;
				MTL_ENABLE_DEBUG_INFO = INCLUDE_SOURCE;
				MTL_FAST_MATH = YES;
				ONLY_ACTIVE_ARCH = YES;
				SDKROOT = iphoneos;
				SWIFT_ACTIVE_COMPILATION_CONDITIONS = DEBUG;
				SWIFT_OPTIMIZATION_LEVEL = "-Onone";
			};
			name = Debug;
		};
		CF854DBA27A425BF00AA989A /* Release */ = {
			isa = XCBuildConfiguration;
			buildSettings = {
				ALWAYS_SEARCH_USER_PATHS = NO;
				CLANG_ANALYZER_NONNULL = YES;
				CLANG_ANALYZER_NUMBER_OBJECT_CONVERSION = YES_AGGRESSIVE;
				CLANG_CXX_LANGUAGE_STANDARD = "gnu++17";
				CLANG_CXX_LIBRARY = "libc++";
				CLANG_ENABLE_MODULES = YES;
				CLANG_ENABLE_OBJC_ARC = YES;
				CLANG_ENABLE_OBJC_WEAK = YES;
				CLANG_WARN_BLOCK_CAPTURE_AUTORELEASING = YES;
				CLANG_WARN_BOOL_CONVERSION = YES;
				CLANG_WARN_COMMA = YES;
				CLANG_WARN_CONSTANT_CONVERSION = YES;
				CLANG_WARN_DEPRECATED_OBJC_IMPLEMENTATIONS = YES;
				CLANG_WARN_DIRECT_OBJC_ISA_USAGE = YES_ERROR;
				CLANG_WARN_DOCUMENTATION_COMMENTS = YES;
				CLANG_WARN_EMPTY_BODY = YES;
				CLANG_WARN_ENUM_CONVERSION = YES;
				CLANG_WARN_INFINITE_RECURSION = YES;
				CLANG_WARN_INT_CONVERSION = YES;
				CLANG_WARN_NON_LITERAL_NULL_CONVERSION = YES;
				CLANG_WARN_OBJC_IMPLICIT_RETAIN_SELF = YES;
				CLANG_WARN_OBJC_LITERAL_CONVERSION = YES;
				CLANG_WARN_OBJC_ROOT_CLASS = YES_ERROR;
				CLANG_WARN_QUOTED_INCLUDE_IN_FRAMEWORK_HEADER = YES;
				CLANG_WARN_RANGE_LOOP_ANALYSIS = YES;
				CLANG_WARN_STRICT_PROTOTYPES = YES;
				CLANG_WARN_SUSPICIOUS_MOVE = YES;
				CLANG_WARN_UNGUARDED_AVAILABILITY = YES_AGGRESSIVE;
				CLANG_WARN_UNREACHABLE_CODE = YES;
				CLANG_WARN__DUPLICATE_METHOD_MATCH = YES;
				COPY_PHASE_STRIP = NO;
				DEBUG_INFORMATION_FORMAT = "dwarf-with-dsym";
				ENABLE_NS_ASSERTIONS = NO;
				ENABLE_STRICT_OBJC_MSGSEND = YES;
				GCC_C_LANGUAGE_STANDARD = gnu11;
				GCC_NO_COMMON_BLOCKS = YES;
				GCC_WARN_64_TO_32_BIT_CONVERSION = YES;
				GCC_WARN_ABOUT_RETURN_TYPE = YES_ERROR;
				GCC_WARN_UNDECLARED_SELECTOR = YES;
				GCC_WARN_UNINITIALIZED_AUTOS = YES_AGGRESSIVE;
				GCC_WARN_UNUSED_FUNCTION = YES;
				GCC_WARN_UNUSED_VARIABLE = YES;
				IPHONEOS_DEPLOYMENT_TARGET = 14.0;
				MTL_ENABLE_DEBUG_INFO = NO;
				MTL_FAST_MATH = YES;
				SDKROOT = iphoneos;
				SWIFT_COMPILATION_MODE = wholemodule;
				SWIFT_OPTIMIZATION_LEVEL = "-O";
				VALIDATE_PRODUCT = YES;
			};
			name = Release;
		};
		CF854DBC27A425BF00AA989A /* Debug */ = {
			isa = XCBuildConfiguration;
			buildSettings = {
				ASSETCATALOG_COMPILER_APPICON_NAME = AppIcon;
				ASSETCATALOG_COMPILER_GLOBAL_ACCENT_COLOR_NAME = AccentColor;
				CODE_SIGN_STYLE = Automatic;
				CURRENT_PROJECT_VERSION = 1;
				DEVELOPMENT_TEAM = F2ULJVBY3J;
				GENERATE_INFOPLIST_FILE = YES;
				INFOPLIST_FILE = LEDBoard/Info.plist;
				INFOPLIST_KEY_UIApplicationSupportsIndirectInputEvents = YES;
				INFOPLIST_KEY_UILaunchStoryboardName = LaunchScreen;
				INFOPLIST_KEY_UIMainStoryboardFile = Main;
				INFOPLIST_KEY_UISupportedInterfaceOrientations_iPad = "UIInterfaceOrientationPortrait UIInterfaceOrientationPortraitUpsideDown UIInterfaceOrientationLandscapeLeft UIInterfaceOrientationLandscapeRight";
				INFOPLIST_KEY_UISupportedInterfaceOrientations_iPhone = "UIInterfaceOrientationPortrait UIInterfaceOrientationLandscapeLeft UIInterfaceOrientationLandscapeRight";
				LD_RUNPATH_SEARCH_PATHS = (
					"$(inherited)",
					"@executable_path/Frameworks",
				);
				MARKETING_VERSION = 1.0;
				PRODUCT_BUNDLE_IDENTIFIER = hjChoi.LEDBoard;
				PRODUCT_NAME = "$(TARGET_NAME)";
				SWIFT_EMIT_LOC_STRINGS = YES;
				SWIFT_VERSION = 5.0;
				TARGETED_DEVICE_FAMILY = "1,2";
			};
			name = Debug;
		};
		CF854DBD27A425BF00AA989A /* Release */ = {
			isa = XCBuildConfiguration;
			buildSettings = {
				ASSETCATALOG_COMPILER_APPICON_NAME = AppIcon;
				ASSETCATALOG_COMPILER_GLOBAL_ACCENT_COLOR_NAME = AccentColor;
				CODE_SIGN_STYLE = Automatic;
				CURRENT_PROJECT_VERSION = 1;
				DEVELOPMENT_TEAM = F2ULJVBY3J;
				GENERATE_INFOPLIST_FILE = YES;
				INFOPLIST_FILE = LEDBoard/Info.plist;
				INFOPLIST_KEY_UIApplicationSupportsIndirectInputEvents = YES;
				INFOPLIST_KEY_UILaunchStoryboardName = LaunchScreen;
				INFOPLIST_KEY_UIMainStoryboardFile = Main;
				INFOPLIST_KEY_UISupportedInterfaceOrientations_iPad = "UIInterfaceOrientationPortrait UIInterfaceOrientationPortraitUpsideDown UIInterfaceOrientationLandscapeLeft UIInterfaceOrientationLandscapeRight";
				INFOPLIST_KEY_UISupportedInterfaceOrientations_iPhone = "UIInterfaceOrientationPortrait UIInterfaceOrientationLandscapeLeft UIInterfaceOrientationLandscapeRight";
				LD_RUNPATH_SEARCH_PATHS = (
					"$(inherited)",
					"@executable_path/Frameworks",
				);
				MARKETING_VERSION = 1.0;
				PRODUCT_BUNDLE_IDENTIFIER = hjChoi.LEDBoard;
				PRODUCT_NAME = "$(TARGET_NAME)";
				SWIFT_EMIT_LOC_STRINGS = YES;
				SWIFT_VERSION = 5.0;
				TARGETED_DEVICE_FAMILY = "1,2";
			};
			name = Release;
		};
		CF854DBF27A425BF00AA989A /* Debug */ = {
			isa = XCBuildConfiguration;
			buildSettings = {
				ALWAYS_EMBED_SWIFT_STANDARD_LIBRARIES = YES;
				BUNDLE_LOADER = "$(TEST_HOST)";
				CODE_SIGN_STYLE = Automatic;
				CURRENT_PROJECT_VERSION = 1;
				DEVELOPMENT_TEAM = F2ULJVBY3J;
				GENERATE_INFOPLIST_FILE = YES;
				IPHONEOS_DEPLOYMENT_TARGET = 15.2;
				MARKETING_VERSION = 1.0;
				PRODUCT_BUNDLE_IDENTIFIER = hjChoi.LEDBoardTests;
				PRODUCT_NAME = "$(TARGET_NAME)";
				SWIFT_EMIT_LOC_STRINGS = NO;
				SWIFT_VERSION = 5.0;
				TARGETED_DEVICE_FAMILY = "1,2";
				TEST_HOST = "$(BUILT_PRODUCTS_DIR)/LEDBoard.app/LEDBoard";
			};
			name = Debug;
		};
		CF854DC027A425BF00AA989A /* Release */ = {
			isa = XCBuildConfiguration;
			buildSettings = {
				ALWAYS_EMBED_SWIFT_STANDARD_LIBRARIES = YES;
				BUNDLE_LOADER = "$(TEST_HOST)";
				CODE_SIGN_STYLE = Automatic;
				CURRENT_PROJECT_VERSION = 1;
				DEVELOPMENT_TEAM = F2ULJVBY3J;
				GENERATE_INFOPLIST_FILE = YES;
				IPHONEOS_DEPLOYMENT_TARGET = 15.2;
				MARKETING_VERSION = 1.0;
				PRODUCT_BUNDLE_IDENTIFIER = hjChoi.LEDBoardTests;
				PRODUCT_NAME = "$(TARGET_NAME)";
				SWIFT_EMIT_LOC_STRINGS = NO;
				SWIFT_VERSION = 5.0;
				TARGETED_DEVICE_FAMILY = "1,2";
				TEST_HOST = "$(BUILT_PRODUCTS_DIR)/LEDBoard.app/LEDBoard";
			};
			name = Release;
		};
		CF854DC227A425BF00AA989A /* Debug */ = {
			isa = XCBuildConfiguration;
			buildSettings = {
				ALWAYS_EMBED_SWIFT_STANDARD_LIBRARIES = YES;
				CODE_SIGN_STYLE = Automatic;
				CURRENT_PROJECT_VERSION = 1;
				DEVELOPMENT_TEAM = F2ULJVBY3J;
				GENERATE_INFOPLIST_FILE = YES;
				MARKETING_VERSION = 1.0;
				PRODUCT_BUNDLE_IDENTIFIER = hjChoi.LEDBoardUITests;
				PRODUCT_NAME = "$(TARGET_NAME)";
				SWIFT_EMIT_LOC_STRINGS = NO;
				SWIFT_VERSION = 5.0;
				TARGETED_DEVICE_FAMILY = "1,2";
				TEST_TARGET_NAME = LEDBoard;
			};
			name = Debug;
		};
		CF854DC327A425BF00AA989A /* Release */ = {
			isa = XCBuildConfiguration;
			buildSettings = {
				ALWAYS_EMBED_SWIFT_STANDARD_LIBRARIES = YES;
				CODE_SIGN_STYLE = Automatic;
				CURRENT_PROJECT_VERSION = 1;
				DEVELOPMENT_TEAM = F2ULJVBY3J;
				GENERATE_INFOPLIST_FILE = YES;
				MARKETING_VERSION = 1.0;
				PRODUCT_BUNDLE_IDENTIFIER = hjChoi.LEDBoardUITests;
				PRODUCT_NAME = "$(TARGET_NAME)";
				SWIFT_EMIT_LOC_STRINGS = NO;
				SWIFT_VERSION = 5.0;
				TARGETED_DEVICE_FAMILY = "1,2";
				TEST_TARGET_NAME = LEDBoard;
			};
			name = Release;
		};
/* End XCBuildConfiguration section */

/* Begin XCConfigurationList section */
		CF854D8C27A425BE00AA989A /* Build configuration list for PBXProject "LEDBoard" */ = {
			isa = XCConfigurationList;
			buildConfigurations = (
				CF854DB927A425BF00AA989A /* Debug */,
				CF854DBA27A425BF00AA989A /* Release */,
			);
			defaultConfigurationIsVisible = 0;
			defaultConfigurationName = Release;
		};
		CF854DBB27A425BF00AA989A /* Build configuration list for PBXNativeTarget "LEDBoard" */ = {
			isa = XCConfigurationList;
			buildConfigurations = (
				CF854DBC27A425BF00AA989A /* Debug */,
				CF854DBD27A425BF00AA989A /* Release */,
			);
			defaultConfigurationIsVisible = 0;
			defaultConfigurationName = Release;
		};
		CF854DBE27A425BF00AA989A /* Build configuration list for PBXNativeTarget "LEDBoardTests" */ = {
			isa = XCConfigurationList;
			buildConfigurations = (
				CF854DBF27A425BF00AA989A /* Debug */,
				CF854DC027A425BF00AA989A /* Release */,
			);
			defaultConfigurationIsVisible = 0;
			defaultConfigurationName = Release;
		};
		CF854DC127A425BF00AA989A /* Build configuration list for PBXNativeTarget "LEDBoardUITests" */ = {
			isa = XCConfigurationList;
			buildConfigurations = (
				CF854DC227A425BF00AA989A /* Debug */,
				CF854DC327A425BF00AA989A /* Release */,
			);
			defaultConfigurationIsVisible = 0;
			defaultConfigurationName = Release;
		};
/* End XCConfigurationList section */
	};
	rootObject = CF854D8927A425BE00AA989A /* Project object */;
}
