// !$*UTF8*$!
{
	archiveVersion = 1;
	classes = {
	};
	objectVersion = 55;
	objects = {

/* Begin PBXBuildFile section */
		CFD2470527A1982600DE3A93 /* AppDelegate.swift in Sources */ = {isa = PBXBuildFile; fileRef = CFD2470427A1982600DE3A93 /* AppDelegate.swift */; };
		CFD2470727A1982600DE3A93 /* SceneDelegate.swift in Sources */ = {isa = PBXBuildFile; fileRef = CFD2470627A1982600DE3A93 /* SceneDelegate.swift */; };
		CFD2470927A1982600DE3A93 /* ViewController.swift in Sources */ = {isa = PBXBuildFile; fileRef = CFD2470827A1982600DE3A93 /* ViewController.swift */; };
		CFD2470C27A1982600DE3A93 /* Main.storyboard in Resources */ = {isa = PBXBuildFile; fileRef = CFD2470A27A1982600DE3A93 /* Main.storyboard */; };
		CFD2470E27A1982A00DE3A93 /* Assets.xcassets in Resources */ = {isa = PBXBuildFile; fileRef = CFD2470D27A1982A00DE3A93 /* Assets.xcassets */; };
		CFD2471127A1982A00DE3A93 /* LaunchScreen.storyboard in Resources */ = {isa = PBXBuildFile; fileRef = CFD2470F27A1982A00DE3A93 /* LaunchScreen.storyboard */; };
		CFD2471C27A1982B00DE3A93 /* DisplayBoardTests.swift in Sources */ = {isa = PBXBuildFile; fileRef = CFD2471B27A1982B00DE3A93 /* DisplayBoardTests.swift */; };
		CFD2472627A1982B00DE3A93 /* DisplayBoardUITests.swift in Sources */ = {isa = PBXBuildFile; fileRef = CFD2472527A1982B00DE3A93 /* DisplayBoardUITests.swift */; };
		CFD2472827A1982B00DE3A93 /* DisplayBoardUITestsLaunchTests.swift in Sources */ = {isa = PBXBuildFile; fileRef = CFD2472727A1982B00DE3A93 /* DisplayBoardUITestsLaunchTests.swift */; };
		CFD2473527A19AAF00DE3A93 /* SeguePushViewController.swift in Sources */ = {isa = PBXBuildFile; fileRef = CFD2473427A19AAF00DE3A93 /* SeguePushViewController.swift */; };
		CFD2473727A1A2BD00DE3A93 /* SeguePresentViewController.swift in Sources */ = {isa = PBXBuildFile; fileRef = CFD2473627A1A2BD00DE3A93 /* SeguePresentViewController.swift */; };
		CFD2473A27A1A3CA00DE3A93 /* CodePushViewController.swift in Sources */ = {isa = PBXBuildFile; fileRef = CFD2473927A1A3CA00DE3A93 /* CodePushViewController.swift */; };
		CFD2473C27A1A4F700DE3A93 /* CodePresentViewController.swift in Sources */ = {isa = PBXBuildFile; fileRef = CFD2473B27A1A4F700DE3A93 /* CodePresentViewController.swift */; };
/* End PBXBuildFile section */

/* Begin PBXContainerItemProxy section */
		CFD2471827A1982B00DE3A93 /* PBXContainerItemProxy */ = {
			isa = PBXContainerItemProxy;
			containerPortal = CFD246F927A1982600DE3A93 /* Project object */;
			proxyType = 1;
			remoteGlobalIDString = CFD2470027A1982600DE3A93;
			remoteInfo = DisplayBoard;
		};
		CFD2472227A1982B00DE3A93 /* PBXContainerItemProxy */ = {
			isa = PBXContainerItemProxy;
			containerPortal = CFD246F927A1982600DE3A93 /* Project object */;
			proxyType = 1;
			remoteGlobalIDString = CFD2470027A1982600DE3A93;
			remoteInfo = DisplayBoard;
		};
/* End PBXContainerItemProxy section */

/* Begin PBXFileReference section */
		CFD2470127A1982600DE3A93 /* DisplayBoard.app */ = {isa = PBXFileReference; explicitFileType = wrapper.application; includeInIndex = 0; path = DisplayBoard.app; sourceTree = BUILT_PRODUCTS_DIR; };
		CFD2470427A1982600DE3A93 /* AppDelegate.swift */ = {isa = PBXFileReference; lastKnownFileType = sourcecode.swift; path = AppDelegate.swift; sourceTree = "<group>"; };
		CFD2470627A1982600DE3A93 /* SceneDelegate.swift */ = {isa = PBXFileReference; lastKnownFileType = sourcecode.swift; path = SceneDelegate.swift; sourceTree = "<group>"; };
		CFD2470827A1982600DE3A93 /* ViewController.swift */ = {isa = PBXFileReference; lastKnownFileType = sourcecode.swift; path = ViewController.swift; sourceTree = "<group>"; };
		CFD2470B27A1982600DE3A93 /* Base */ = {isa = PBXFileReference; lastKnownFileType = file.storyboard; name = Base; path = Base.lproj/Main.storyboard; sourceTree = "<group>"; };
		CFD2470D27A1982A00DE3A93 /* Assets.xcassets */ = {isa = PBXFileReference; lastKnownFileType = folder.assetcatalog; path = Assets.xcassets; sourceTree = "<group>"; };
		CFD2471027A1982A00DE3A93 /* Base */ = {isa = PBXFileReference; lastKnownFileType = file.storyboard; name = Base; path = Base.lproj/LaunchScreen.storyboard; sourceTree = "<group>"; };
		CFD2471227A1982A00DE3A93 /* Info.plist */ = {isa = PBXFileReference; lastKnownFileType = text.plist.xml; path = Info.plist; sourceTree = "<group>"; };
		CFD2471727A1982B00DE3A93 /* DisplayBoardTests.xctest */ = {isa = PBXFileReference; explicitFileType = wrapper.cfbundle; includeInIndex = 0; path = DisplayBoardTests.xctest; sourceTree = BUILT_PRODUCTS_DIR; };
		CFD2471B27A1982B00DE3A93 /* DisplayBoardTests.swift */ = {isa = PBXFileReference; lastKnownFileType = sourcecode.swift; path = DisplayBoardTests.swift; sourceTree = "<group>"; };
		CFD2472127A1982B00DE3A93 /* DisplayBoardUITests.xctest */ = {isa = PBXFileReference; explicitFileType = wrapper.cfbundle; includeInIndex = 0; path = DisplayBoardUITests.xctest; sourceTree = BUILT_PRODUCTS_DIR; };
		CFD2472527A1982B00DE3A93 /* DisplayBoardUITests.swift */ = {isa = PBXFileReference; lastKnownFileType = sourcecode.swift; path = DisplayBoardUITests.swift; sourceTree = "<group>"; };
		CFD2472727A1982B00DE3A93 /* DisplayBoardUITestsLaunchTests.swift */ = {isa = PBXFileReference; lastKnownFileType = sourcecode.swift; path = DisplayBoardUITestsLaunchTests.swift; sourceTree = "<group>"; };
		CFD2473427A19AAF00DE3A93 /* SeguePushViewController.swift */ = {isa = PBXFileReference; lastKnownFileType = sourcecode.swift; path = SeguePushViewController.swift; sourceTree = "<group>"; };
		CFD2473627A1A2BD00DE3A93 /* SeguePresentViewController.swift */ = {isa = PBXFileReference; lastKnownFileType = sourcecode.swift; path = SeguePresentViewController.swift; sourceTree = "<group>"; };
		CFD2473927A1A3CA00DE3A93 /* CodePushViewController.swift */ = {isa = PBXFileReference; lastKnownFileType = sourcecode.swift; path = CodePushViewController.swift; sourceTree = "<group>"; };
		CFD2473B27A1A4F700DE3A93 /* CodePresentViewController.swift */ = {isa = PBXFileReference; lastKnownFileType = sourcecode.swift; path = CodePresentViewController.swift; sourceTree = "<group>"; };
/* End PBXFileReference section */

/* Begin PBXFrameworksBuildPhase section */
		CFD246FE27A1982600DE3A93 /* Frameworks */ = {
			isa = PBXFrameworksBuildPhase;
			buildActionMask = 2147483647;
			files = (
			);
			runOnlyForDeploymentPostprocessing = 0;
		};
		CFD2471427A1982B00DE3A93 /* Frameworks */ = {
			isa = PBXFrameworksBuildPhase;
			buildActionMask = 2147483647;
			files = (
			);
			runOnlyForDeploymentPostprocessing = 0;
		};
		CFD2471E27A1982B00DE3A93 /* Frameworks */ = {
			isa = PBXFrameworksBuildPhase;
			buildActionMask = 2147483647;
			files = (
			);
			runOnlyForDeploymentPostprocessing = 0;
		};
/* End PBXFrameworksBuildPhase section */

/* Begin PBXGroup section */
		CFD246F827A1982600DE3A93 = {
			isa = PBXGroup;
			children = (
				CFD2470327A1982600DE3A93 /* DisplayBoard */,
				CFD2471A27A1982B00DE3A93 /* DisplayBoardTests */,
				CFD2472427A1982B00DE3A93 /* DisplayBoardUITests */,
				CFD2470227A1982600DE3A93 /* Products */,
			);
			sourceTree = "<group>";
		};
		CFD2470227A1982600DE3A93 /* Products */ = {
			isa = PBXGroup;
			children = (
				CFD2470127A1982600DE3A93 /* DisplayBoard.app */,
				CFD2471727A1982B00DE3A93 /* DisplayBoardTests.xctest */,
				CFD2472127A1982B00DE3A93 /* DisplayBoardUITests.xctest */,
			);
			name = Products;
			sourceTree = "<group>";
		};
		CFD2470327A1982600DE3A93 /* DisplayBoard */ = {
			isa = PBXGroup;
			children = (
				CFD2470427A1982600DE3A93 /* AppDelegate.swift */,
				CFD2470627A1982600DE3A93 /* SceneDelegate.swift */,
				CFD2470827A1982600DE3A93 /* ViewController.swift */,
				CFD2473627A1A2BD00DE3A93 /* SeguePresentViewController.swift */,
				CFD2473927A1A3CA00DE3A93 /* CodePushViewController.swift */,
				CFD2473427A19AAF00DE3A93 /* SeguePushViewController.swift */,
				CFD2473B27A1A4F700DE3A93 /* CodePresentViewController.swift */,
				CFD2470A27A1982600DE3A93 /* Main.storyboard */,
				CFD2470D27A1982A00DE3A93 /* Assets.xcassets */,
				CFD2470F27A1982A00DE3A93 /* LaunchScreen.storyboard */,
				CFD2471227A1982A00DE3A93 /* Info.plist */,
			);
			path = DisplayBoard;
			sourceTree = "<group>";
		};
		CFD2471A27A1982B00DE3A93 /* DisplayBoardTests */ = {
			isa = PBXGroup;
			children = (
				CFD2471B27A1982B00DE3A93 /* DisplayBoardTests.swift */,
			);
			path = DisplayBoardTests;
			sourceTree = "<group>";
		};
		CFD2472427A1982B00DE3A93 /* DisplayBoardUITests */ = {
			isa = PBXGroup;
			children = (
				CFD2472527A1982B00DE3A93 /* DisplayBoardUITests.swift */,
				CFD2472727A1982B00DE3A93 /* DisplayBoardUITestsLaunchTests.swift */,
			);
			path = DisplayBoardUITests;
			sourceTree = "<group>";
		};
/* End PBXGroup section */

/* Begin PBXNativeTarget section */
		CFD2470027A1982600DE3A93 /* DisplayBoard */ = {
			isa = PBXNativeTarget;
			buildConfigurationList = CFD2472B27A1982B00DE3A93 /* Build configuration list for PBXNativeTarget "DisplayBoard" */;
			buildPhases = (
				CFD246FD27A1982600DE3A93 /* Sources */,
				CFD246FE27A1982600DE3A93 /* Frameworks */,
				CFD246FF27A1982600DE3A93 /* Resources */,
			);
			buildRules = (
			);
			dependencies = (
			);
			name = DisplayBoard;
			productName = DisplayBoard;
			productReference = CFD2470127A1982600DE3A93 /* DisplayBoard.app */;
			productType = "com.apple.product-type.application";
		};
		CFD2471627A1982B00DE3A93 /* DisplayBoardTests */ = {
			isa = PBXNativeTarget;
			buildConfigurationList = CFD2472E27A1982B00DE3A93 /* Build configuration list for PBXNativeTarget "DisplayBoardTests" */;
			buildPhases = (
				CFD2471327A1982B00DE3A93 /* Sources */,
				CFD2471427A1982B00DE3A93 /* Frameworks */,
				CFD2471527A1982B00DE3A93 /* Resources */,
			);
			buildRules = (
			);
			dependencies = (
				CFD2471927A1982B00DE3A93 /* PBXTargetDependency */,
			);
			name = DisplayBoardTests;
			productName = DisplayBoardTests;
			productReference = CFD2471727A1982B00DE3A93 /* DisplayBoardTests.xctest */;
			productType = "com.apple.product-type.bundle.unit-test";
		};
		CFD2472027A1982B00DE3A93 /* DisplayBoardUITests */ = {
			isa = PBXNativeTarget;
			buildConfigurationList = CFD2473127A1982B00DE3A93 /* Build configuration list for PBXNativeTarget "DisplayBoardUITests" */;
			buildPhases = (
				CFD2471D27A1982B00DE3A93 /* Sources */,
				CFD2471E27A1982B00DE3A93 /* Frameworks */,
				CFD2471F27A1982B00DE3A93 /* Resources */,
			);
			buildRules = (
			);
			dependencies = (
				CFD2472327A1982B00DE3A93 /* PBXTargetDependency */,
			);
			name = DisplayBoardUITests;
			productName = DisplayBoardUITests;
			productReference = CFD2472127A1982B00DE3A93 /* DisplayBoardUITests.xctest */;
			productType = "com.apple.product-type.bundle.ui-testing";
		};
/* End PBXNativeTarget section */

/* Begin PBXProject section */
		CFD246F927A1982600DE3A93 /* Project object */ = {
			isa = PBXProject;
			attributes = {
				BuildIndependentTargetsInParallel = 1;
				LastSwiftUpdateCheck = 1320;
				LastUpgradeCheck = 1320;
				TargetAttributes = {
					CFD2470027A1982600DE3A93 = {
						CreatedOnToolsVersion = 13.2;
					};
					CFD2471627A1982B00DE3A93 = {
						CreatedOnToolsVersion = 13.2;
						TestTargetID = CFD2470027A1982600DE3A93;
					};
					CFD2472027A1982B00DE3A93 = {
						CreatedOnToolsVersion = 13.2;
						TestTargetID = CFD2470027A1982600DE3A93;
					};
				};
			};
			buildConfigurationList = CFD246FC27A1982600DE3A93 /* Build configuration list for PBXProject "DisplayBoard" */;
			compatibilityVersion = "Xcode 13.0";
			developmentRegion = en;
			hasScannedForEncodings = 0;
			knownRegions = (
				en,
				Base,
			);
			mainGroup = CFD246F827A1982600DE3A93;
			productRefGroup = CFD2470227A1982600DE3A93 /* Products */;
			projectDirPath = "";
			projectRoot = "";
			targets = (
				CFD2470027A1982600DE3A93 /* DisplayBoard */,
				CFD2471627A1982B00DE3A93 /* DisplayBoardTests */,
				CFD2472027A1982B00DE3A93 /* DisplayBoardUITests */,
			);
		};
/* End PBXProject section */

/* Begin PBXResourcesBuildPhase section */
		CFD246FF27A1982600DE3A93 /* Resources */ = {
			isa = PBXResourcesBuildPhase;
			buildActionMask = 2147483647;
			files = (
				CFD2471127A1982A00DE3A93 /* LaunchScreen.storyboard in Resources */,
				CFD2470E27A1982A00DE3A93 /* Assets.xcassets in Resources */,
				CFD2470C27A1982600DE3A93 /* Main.storyboard in Resources */,
			);
			runOnlyForDeploymentPostprocessing = 0;
		};
		CFD2471527A1982B00DE3A93 /* Resources */ = {
			isa = PBXResourcesBuildPhase;
			buildActionMask = 2147483647;
			files = (
			);
			runOnlyForDeploymentPostprocessing = 0;
		};
		CFD2471F27A1982B00DE3A93 /* Resources */ = {
			isa = PBXResourcesBuildPhase;
			buildActionMask = 2147483647;
			files = (
			);
			runOnlyForDeploymentPostprocessing = 0;
		};
/* End PBXResourcesBuildPhase section */

/* Begin PBXSourcesBuildPhase section */
		CFD246FD27A1982600DE3A93 /* Sources */ = {
			isa = PBXSourcesBuildPhase;
			buildActionMask = 2147483647;
			files = (
				CFD2473527A19AAF00DE3A93 /* SeguePushViewController.swift in Sources */,
				CFD2473A27A1A3CA00DE3A93 /* CodePushViewController.swift in Sources */,
				CFD2470927A1982600DE3A93 /* ViewController.swift in Sources */,
				CFD2470527A1982600DE3A93 /* AppDelegate.swift in Sources */,
				CFD2473C27A1A4F700DE3A93 /* CodePresentViewController.swift in Sources */,
				CFD2473727A1A2BD00DE3A93 /* SeguePresentViewController.swift in Sources */,
				CFD2470727A1982600DE3A93 /* SceneDelegate.swift in Sources */,
			);
			runOnlyForDeploymentPostprocessing = 0;
		};
		CFD2471327A1982B00DE3A93 /* Sources */ = {
			isa = PBXSourcesBuildPhase;
			buildActionMask = 2147483647;
			files = (
				CFD2471C27A1982B00DE3A93 /* DisplayBoardTests.swift in Sources */,
			);
			runOnlyForDeploymentPostprocessing = 0;
		};
		CFD2471D27A1982B00DE3A93 /* Sources */ = {
			isa = PBXSourcesBuildPhase;
			buildActionMask = 2147483647;
			files = (
				CFD2472827A1982B00DE3A93 /* DisplayBoardUITestsLaunchTests.swift in Sources */,
				CFD2472627A1982B00DE3A93 /* DisplayBoardUITests.swift in Sources */,
			);
			runOnlyForDeploymentPostprocessing = 0;
		};
/* End PBXSourcesBuildPhase section */

/* Begin PBXTargetDependency section */
		CFD2471927A1982B00DE3A93 /* PBXTargetDependency */ = {
			isa = PBXTargetDependency;
			target = CFD2470027A1982600DE3A93 /* DisplayBoard */;
			targetProxy = CFD2471827A1982B00DE3A93 /* PBXContainerItemProxy */;
		};
		CFD2472327A1982B00DE3A93 /* PBXTargetDependency */ = {
			isa = PBXTargetDependency;
			target = CFD2470027A1982600DE3A93 /* DisplayBoard */;
			targetProxy = CFD2472227A1982B00DE3A93 /* PBXContainerItemProxy */;
		};
/* End PBXTargetDependency section */

/* Begin PBXVariantGroup section */
		CFD2470A27A1982600DE3A93 /* Main.storyboard */ = {
			isa = PBXVariantGroup;
			children = (
				CFD2470B27A1982600DE3A93 /* Base */,
			);
			name = Main.storyboard;
			sourceTree = "<group>";
		};
		CFD2470F27A1982A00DE3A93 /* LaunchScreen.storyboard */ = {
			isa = PBXVariantGroup;
			children = (
				CFD2471027A1982A00DE3A93 /* Base */,
			);
			name = LaunchScreen.storyboard;
			sourceTree = "<group>";
		};
/* End PBXVariantGroup section */

/* Begin XCBuildConfiguration section */
		CFD2472927A1982B00DE3A93 /* Debug */ = {
			isa = XCBuildConfiguration;
			buildSettings = {
				ALWAYS_SEARCH_USER_PATHS = NO;
				CLANG_ANALYZER_NONNULL = YES;
				CLANG_ANALYZER_NUMBER_OBJECT_CONVERSION = YES_AGGRESSIVE;
				CLANG_CXX_LANGUAGE_STANDARD = "gnu++17";
				CLANG_CXX_LIBRARY = "libc++";
				CLANG_ENABLE_MODULES = YES;
				CLANG_ENABLE_OBJC_ARC = YES;
				CLANG_ENABLE_OBJC_WEAK = YES;
				CLANG_WARN_BLOCK_CAPTURE_AUTORELEASING = YES;
				CLANG_WARN_BOOL_CONVERSION = YES;
				CLANG_WARN_COMMA = YES;
				CLANG_WARN_CONSTANT_CONVERSION = YES;
				CLANG_WARN_DEPRECATED_OBJC_IMPLEMENTATIONS = YES;
				CLANG_WARN_DIRECT_OBJC_ISA_USAGE = YES_ERROR;
				CLANG_WARN_DOCUMENTATION_COMMENTS = YES;
				CLANG_WARN_EMPTY_BODY = YES;
				CLANG_WARN_ENUM_CONVERSION = YES;
				CLANG_WARN_INFINITE_RECURSION = YES;
				CLANG_WARN_INT_CONVERSION = YES;
				CLANG_WARN_NON_LITERAL_NULL_CONVERSION = YES;
				CLANG_WARN_OBJC_IMPLICIT_RETAIN_SELF = YES;
				CLANG_WARN_OBJC_LITERAL_CONVERSION = YES;
				CLANG_WARN_OBJC_ROOT_CLASS = YES_ERROR;
				CLANG_WARN_QUOTED_INCLUDE_IN_FRAMEWORK_HEADER = YES;
				CLANG_WARN_RANGE_LOOP_ANALYSIS = YES;
				CLANG_WARN_STRICT_PROTOTYPES = YES;
				CLANG_WARN_SUSPICIOUS_MOVE = YES;
				CLANG_WARN_UNGUARDED_AVAILABILITY = YES_AGGRESSIVE;
				CLANG_WARN_UNREACHABLE_CODE = YES;
				CLANG_WARN__DUPLICATE_METHOD_MATCH = YES;
				COPY_PHASE_STRIP = NO;
				DEBUG_INFORMATION_FORMAT = dwarf;
				ENABLE_STRICT_OBJC_MSGSEND = YES;
				ENABLE_TESTABILITY = YES;
				GCC_C_LANGUAGE_STANDARD = gnu11;
				GCC_DYNAMIC_NO_PIC = NO;
				GCC_NO_COMMON_BLOCKS = YES;
				GCC_OPTIMIZATION_LEVEL = 0;
				GCC_PREPROCESSOR_DEFINITIONS = (
					"DEBUG=1",
					"$(inherited)",
				);
				GCC_WARN_64_TO_32_BIT_CONVERSION = YES;
				GCC_WARN_ABOUT_RETURN_TYPE = YES_ERROR;
				GCC_WARN_UNDECLARED_SELECTOR = YES;
				GCC_WARN_UNINITIALIZED_AUTOS = YES_AGGRESSIVE;
				GCC_WARN_UNUSED_FUNCTION = YES;
				GCC_WARN_UNUSED_VARIABLE = YES;
				IPHONEOS_DEPLOYMENT_TARGET = 14.0;
				MTL_ENABLE_DEBUG_INFO = INCLUDE_SOURCE;
				MTL_FAST_MATH = YES;
				ONLY_ACTIVE_ARCH = YES;
				SDKROOT = iphoneos;
				SWIFT_ACTIVE_COMPILATION_CONDITIONS = DEBUG;
				SWIFT_OPTIMIZATION_LEVEL = "-Onone";
			};
			name = Debug;
		};
		CFD2472A27A1982B00DE3A93 /* Release */ = {
			isa = XCBuildConfiguration;
			buildSettings = {
				ALWAYS_SEARCH_USER_PATHS = NO;
				CLANG_ANALYZER_NONNULL = YES;
				CLANG_ANALYZER_NUMBER_OBJECT_CONVERSION = YES_AGGRESSIVE;
				CLANG_CXX_LANGUAGE_STANDARD = "gnu++17";
				CLANG_CXX_LIBRARY = "libc++";
				CLANG_ENABLE_MODULES = YES;
				CLANG_ENABLE_OBJC_ARC = YES;
				CLANG_ENABLE_OBJC_WEAK = YES;
				CLANG_WARN_BLOCK_CAPTURE_AUTORELEASING = YES;
				CLANG_WARN_BOOL_CONVERSION = YES;
				CLANG_WARN_COMMA = YES;
				CLANG_WARN_CONSTANT_CONVERSION = YES;
				CLANG_WARN_DEPRECATED_OBJC_IMPLEMENTATIONS = YES;
				CLANG_WARN_DIRECT_OBJC_ISA_USAGE = YES_ERROR;
				CLANG_WARN_DOCUMENTATION_COMMENTS = YES;
				CLANG_WARN_EMPTY_BODY = YES;
				CLANG_WARN_ENUM_CONVERSION = YES;
				CLANG_WARN_INFINITE_RECURSION = YES;
				CLANG_WARN_INT_CONVERSION = YES;
				CLANG_WARN_NON_LITERAL_NULL_CONVERSION = YES;
				CLANG_WARN_OBJC_IMPLICIT_RETAIN_SELF = YES;
				CLANG_WARN_OBJC_LITERAL_CONVERSION = YES;
				CLANG_WARN_OBJC_ROOT_CLASS = YES_ERROR;
				CLANG_WARN_QUOTED_INCLUDE_IN_FRAMEWORK_HEADER = YES;
				CLANG_WARN_RANGE_LOOP_ANALYSIS = YES;
				CLANG_WARN_STRICT_PROTOTYPES = YES;
				CLANG_WARN_SUSPICIOUS_MOVE = YES;
				CLANG_WARN_UNGUARDED_AVAILABILITY = YES_AGGRESSIVE;
				CLANG_WARN_UNREACHABLE_CODE = YES;
				CLANG_WARN__DUPLICATE_METHOD_MATCH = YES;
				COPY_PHASE_STRIP = NO;
				DEBUG_INFORMATION_FORMAT = "dwarf-with-dsym";
				ENABLE_NS_ASSERTIONS = NO;
				ENABLE_STRICT_OBJC_MSGSEND = YES;
				GCC_C_LANGUAGE_STANDARD = gnu11;
				GCC_NO_COMMON_BLOCKS = YES;
				GCC_WARN_64_TO_32_BIT_CONVERSION = YES;
				GCC_WARN_ABOUT_RETURN_TYPE = YES_ERROR;
				GCC_WARN_UNDECLARED_SELECTOR = YES;
				GCC_WARN_UNINITIALIZED_AUTOS = YES_AGGRESSIVE;
				GCC_WARN_UNUSED_FUNCTION = YES;
				GCC_WARN_UNUSED_VARIABLE = YES;
				IPHONEOS_DEPLOYMENT_TARGET = 14.0;
				MTL_ENABLE_DEBUG_INFO = NO;
				MTL_FAST_MATH = YES;
				SDKROOT = iphoneos;
				SWIFT_COMPILATION_MODE = wholemodule;
				SWIFT_OPTIMIZATION_LEVEL = "-O";
				VALIDATE_PRODUCT = YES;
			};
			name = Release;
		};
		CFD2472C27A1982B00DE3A93 /* Debug */ = {
			isa = XCBuildConfiguration;
			buildSettings = {
				ASSETCATALOG_COMPILER_APPICON_NAME = AppIcon;
				ASSETCATALOG_COMPILER_GLOBAL_ACCENT_COLOR_NAME = AccentColor;
				CODE_SIGN_STYLE = Automatic;
				CURRENT_PROJECT_VERSION = 1;
				DEVELOPMENT_TEAM = F2ULJVBY3J;
				GENERATE_INFOPLIST_FILE = YES;
				INFOPLIST_FILE = DisplayBoard/Info.plist;
				INFOPLIST_KEY_UIApplicationSupportsIndirectInputEvents = YES;
				INFOPLIST_KEY_UILaunchStoryboardName = LaunchScreen;
				INFOPLIST_KEY_UIMainStoryboardFile = Main;
				INFOPLIST_KEY_UISupportedInterfaceOrientations_iPad = "UIInterfaceOrientationPortrait UIInterfaceOrientationPortraitUpsideDown UIInterfaceOrientationLandscapeLeft UIInterfaceOrientationLandscapeRight";
				INFOPLIST_KEY_UISupportedInterfaceOrientations_iPhone = "UIInterfaceOrientationPortrait UIInterfaceOrientationLandscapeLeft UIInterfaceOrientationLandscapeRight";
				LD_RUNPATH_SEARCH_PATHS = (
					"$(inherited)",
					"@executable_path/Frameworks",
				);
				MARKETING_VERSION = 1.0;
				PRODUCT_BUNDLE_IDENTIFIER = hjChoi.DisplayBoard;
				PRODUCT_NAME = "$(TARGET_NAME)";
				SWIFT_EMIT_LOC_STRINGS = YES;
				SWIFT_VERSION = 5.0;
				TARGETED_DEVICE_FAMILY = "1,2";
			};
			name = Debug;
		};
		CFD2472D27A1982B00DE3A93 /* Release */ = {
			isa = XCBuildConfiguration;
			buildSettings = {
				ASSETCATALOG_COMPILER_APPICON_NAME = AppIcon;
				ASSETCATALOG_COMPILER_GLOBAL_ACCENT_COLOR_NAME = AccentColor;
				CODE_SIGN_STYLE = Automatic;
				CURRENT_PROJECT_VERSION = 1;
				DEVELOPMENT_TEAM = F2ULJVBY3J;
				GENERATE_INFOPLIST_FILE = YES;
				INFOPLIST_FILE = DisplayBoard/Info.plist;
				INFOPLIST_KEY_UIApplicationSupportsIndirectInputEvents = YES;
				INFOPLIST_KEY_UILaunchStoryboardName = LaunchScreen;
				INFOPLIST_KEY_UIMainStoryboardFile = Main;
				INFOPLIST_KEY_UISupportedInterfaceOrientations_iPad = "UIInterfaceOrientationPortrait UIInterfaceOrientationPortraitUpsideDown UIInterfaceOrientationLandscapeLeft UIInterfaceOrientationLandscapeRight";
				INFOPLIST_KEY_UISupportedInterfaceOrientations_iPhone = "UIInterfaceOrientationPortrait UIInterfaceOrientationLandscapeLeft UIInterfaceOrientationLandscapeRight";
				LD_RUNPATH_SEARCH_PATHS = (
					"$(inherited)",
					"@executable_path/Frameworks",
				);
				MARKETING_VERSION = 1.0;
				PRODUCT_BUNDLE_IDENTIFIER = hjChoi.DisplayBoard;
				PRODUCT_NAME = "$(TARGET_NAME)";
				SWIFT_EMIT_LOC_STRINGS = YES;
				SWIFT_VERSION = 5.0;
				TARGETED_DEVICE_FAMILY = "1,2";
			};
			name = Release;
		};
		CFD2472F27A1982B00DE3A93 /* Debug */ = {
			isa = XCBuildConfiguration;
			buildSettings = {
				ALWAYS_EMBED_SWIFT_STANDARD_LIBRARIES = YES;
				BUNDLE_LOADER = "$(TEST_HOST)";
				CODE_SIGN_STYLE = Automatic;
				CURRENT_PROJECT_VERSION = 1;
				DEVELOPMENT_TEAM = F2ULJVBY3J;
				GENERATE_INFOPLIST_FILE = YES;
				IPHONEOS_DEPLOYMENT_TARGET = 15.2;
				MARKETING_VERSION = 1.0;
				PRODUCT_BUNDLE_IDENTIFIER = hjChoi.DisplayBoardTests;
				PRODUCT_NAME = "$(TARGET_NAME)";
				SWIFT_EMIT_LOC_STRINGS = NO;
				SWIFT_VERSION = 5.0;
				TARGETED_DEVICE_FAMILY = "1,2";
				TEST_HOST = "$(BUILT_PRODUCTS_DIR)/DisplayBoard.app/DisplayBoard";
			};
			name = Debug;
		};
		CFD2473027A1982B00DE3A93 /* Release */ = {
			isa = XCBuildConfiguration;
			buildSettings = {
				ALWAYS_EMBED_SWIFT_STANDARD_LIBRARIES = YES;
				BUNDLE_LOADER = "$(TEST_HOST)";
				CODE_SIGN_STYLE = Automatic;
				CURRENT_PROJECT_VERSION = 1;
				DEVELOPMENT_TEAM = F2ULJVBY3J;
				GENERATE_INFOPLIST_FILE = YES;
				IPHONEOS_DEPLOYMENT_TARGET = 15.2;
				MARKETING_VERSION = 1.0;
				PRODUCT_BUNDLE_IDENTIFIER = hjChoi.DisplayBoardTests;
				PRODUCT_NAME = "$(TARGET_NAME)";
				SWIFT_EMIT_LOC_STRINGS = NO;
				SWIFT_VERSION = 5.0;
				TARGETED_DEVICE_FAMILY = "1,2";
				TEST_HOST = "$(BUILT_PRODUCTS_DIR)/DisplayBoard.app/DisplayBoard";
			};
			name = Release;
		};
		CFD2473227A1982B00DE3A93 /* Debug */ = {
			isa = XCBuildConfiguration;
			buildSettings = {
				ALWAYS_EMBED_SWIFT_STANDARD_LIBRARIES = YES;
				CODE_SIGN_STYLE = Automatic;
				CURRENT_PROJECT_VERSION = 1;
				DEVELOPMENT_TEAM = F2ULJVBY3J;
				GENERATE_INFOPLIST_FILE = YES;
				MARKETING_VERSION = 1.0;
				PRODUCT_BUNDLE_IDENTIFIER = hjChoi.DisplayBoardUITests;
				PRODUCT_NAME = "$(TARGET_NAME)";
				SWIFT_EMIT_LOC_STRINGS = NO;
				SWIFT_VERSION = 5.0;
				TARGETED_DEVICE_FAMILY = "1,2";
				TEST_TARGET_NAME = DisplayBoard;
			};
			name = Debug;
		};
		CFD2473327A1982B00DE3A93 /* Release */ = {
			isa = XCBuildConfiguration;
			buildSettings = {
				ALWAYS_EMBED_SWIFT_STANDARD_LIBRARIES = YES;
				CODE_SIGN_STYLE = Automatic;
				CURRENT_PROJECT_VERSION = 1;
				DEVELOPMENT_TEAM = F2ULJVBY3J;
				GENERATE_INFOPLIST_FILE = YES;
				MARKETING_VERSION = 1.0;
				PRODUCT_BUNDLE_IDENTIFIER = hjChoi.DisplayBoardUITests;
				PRODUCT_NAME = "$(TARGET_NAME)";
				SWIFT_EMIT_LOC_STRINGS = NO;
				SWIFT_VERSION = 5.0;
				TARGETED_DEVICE_FAMILY = "1,2";
				TEST_TARGET_NAME = DisplayBoard;
			};
			name = Release;
		};
/* End XCBuildConfiguration section */

/* Begin XCConfigurationList section */
		CFD246FC27A1982600DE3A93 /* Build configuration list for PBXProject "DisplayBoard" */ = {
			isa = XCConfigurationList;
			buildConfigurations = (
				CFD2472927A1982B00DE3A93 /* Debug */,
				CFD2472A27A1982B00DE3A93 /* Release */,
			);
			defaultConfigurationIsVisible = 0;
			defaultConfigurationName = Release;
		};
		CFD2472B27A1982B00DE3A93 /* Build configuration list for PBXNativeTarget "DisplayBoard" */ = {
			isa = XCConfigurationList;
			buildConfigurations = (
				CFD2472C27A1982B00DE3A93 /* Debug */,
				CFD2472D27A1982B00DE3A93 /* Release */,
			);
			defaultConfigurationIsVisible = 0;
			defaultConfigurationName = Release;
		};
		CFD2472E27A1982B00DE3A93 /* Build configuration list for PBXNativeTarget "DisplayBoardTests" */ = {
			isa = XCConfigurationList;
			buildConfigurations = (
				CFD2472F27A1982B00DE3A93 /* Debug */,
				CFD2473027A1982B00DE3A93 /* Release */,
			);
			defaultConfigurationIsVisible = 0;
			defaultConfigurationName = Release;
		};
		CFD2473127A1982B00DE3A93 /* Build configuration list for PBXNativeTarget "DisplayBoardUITests" */ = {
			isa = XCConfigurationList;
			buildConfigurations = (
				CFD2473227A1982B00DE3A93 /* Debug */,
				CFD2473327A1982B00DE3A93 /* Release */,
			);
			defaultConfigurationIsVisible = 0;
			defaultConfigurationName = Release;
		};
/* End XCConfigurationList section */
	};
	rootObject = CFD246F927A1982600DE3A93 /* Project object */;
}
